
Microsoft Visual Studio Solution File, Format Version 12.00
# Visual Studio Version 17
VisualStudioVersion = 17.8.34408.163
MinimumVisualStudioVersion = 10.0.40219.1
Project("{FAE04EC0-301F-11D3-BF4B-00C04F79EFBC}") = "TabuadaDo7", "TabuadaDo7.csproj", "{0A28E668-C09F-4DE6-A233-EF24E3613658}"
EndProject
Global
	GlobalSection(SolutionConfigurationPlatforms) = preSolution
		Debug|Any CPU = Debug|Any CPU
		Release|Any CPU = Release|Any CPU
	EndGlobalSection
	GlobalSection(ProjectConfigurationPlatforms) = postSolution
		{0A28E668-C09F-4DE6-A233-EF24E3613658}.Debug|Any CPU.ActiveCfg = Debug|Any CPU
		{0A28E668-C09F-4DE6-A233-EF24E3613658}.Debug|Any CPU.Build.0 = Debug|Any CPU
		{0A28E668-C09F-4DE6-A233-EF24E3613658}.Release|Any CPU.ActiveCfg = Release|Any CPU
		{0A28E668-C09F-4DE6-A233-EF24E3613658}.Release|Any CPU.Build.0 = Release|Any CPU
	EndGlobalSection
	GlobalSection(SolutionProperties) = preSolution
		HideSolutionNode = FALSE
	EndGlobalSection
	GlobalSection(ExtensibilityGlobals) = postSolution
		SolutionGuid = {4C6E01A3-CDDB-4297-AA62-0C498B496256}
	EndGlobalSection
EndGlobal
